
Microsoft Visual Studio Solution File, Format Version 12.00
# Visual Studio 2012
Project("{888888A0-9F3D-457C-B088-3A5042F75D52}") = "PythonStandaloneApplication", "PythonStandaloneApplication\PythonStandaloneApplication.pyproj", "{21cbf4f2-66ef-48de-8308-2f1e1184733d}"
EndProject
Global
	GlobalSection(SolutionConfigurationPlatforms) = preSolution
		Debug|Any CPU = Debug|Any CPU
		Release|Any CPU = Release|Any CPU
	EndGlobalSection
	GlobalSection(ProjectConfigurationPlatforms) = postSolution
		{21cbf4f2-66ef-48de-8308-2f1e1184733d}.Debug|Any CPU.ActiveCfg = Debug|Any CPU
		{21cbf4f2-66ef-48de-8308-2f1e1184733d}.Release|Any CPU.ActiveCfg = Release|Any CPU
	EndGlobalSection
	GlobalSection(SolutionProperties) = preSolution
		HideSolutionNode = FALSE
	EndGlobalSection
EndGlobal
